
Microsoft Visual Studio Solution File, Format Version 12.00
# Visual Studio Version 17
VisualStudioVersion = 17.7.34024.191
MinimumVisualStudioVersion = 10.0.40219.1
Project("{FAE04EC0-301F-11D3-BF4B-00C04F79EFBC}") = "FirstWebAPI", "FirstWebAPI.csproj", "{9F68CC24-E90C-4DE5-AD59-42CB71637A55}"
EndProject
Global
	GlobalSection(SolutionConfigurationPlatforms) = preSolution
		Debug|Any CPU = Debug|Any CPU
		Release|Any CPU = Release|Any CPU
	EndGlobalSection
	GlobalSection(ProjectConfigurationPlatforms) = postSolution
		{9F68CC24-E90C-4DE5-AD59-42CB71637A55}.Debug|Any CPU.ActiveCfg = Debug|Any CPU
		{9F68CC24-E90C-4DE5-AD59-42CB71637A55}.Debug|Any CPU.Build.0 = Debug|Any CPU
		{9F68CC24-E90C-4DE5-AD59-42CB71637A55}.Release|Any CPU.ActiveCfg = Release|Any CPU
		{9F68CC24-E90C-4DE5-AD59-42CB71637A55}.Release|Any CPU.Build.0 = Release|Any CPU
	EndGlobalSection
	GlobalSection(SolutionProperties) = preSolution
		HideSolutionNode = FALSE
	EndGlobalSection
	GlobalSection(ExtensibilityGlobals) = postSolution
		SolutionGuid = {D48E3D05-432B-471D-B913-64401DC380B9}
	EndGlobalSection
EndGlobal
